
Microsoft Visual Studio Solution File, Format Version 12.00
# Visual Studio 14
VisualStudioVersion = 14.0.25420.1
MinimumVisualStudioVersion = 10.0.40219.1
Project("{FAE04EC0-301F-11D3-BF4B-00C04F79EFBC}") = "PlayStore.Project", "PlayStore.Project\PlayStore.Project.csproj", "{E43E26C1-9270-4AE2-975E-8BC20079737F}"
EndProject
Project("{FAE04EC0-301F-11D3-BF4B-00C04F79EFBC}") = "PlayStore.Project.DataAccess", "PlayStore.Project.DataAccess\PlayStore.Project.DataAccess.csproj", "{F27D5E36-03FC-44AD-9D52-13140362A816}"
EndProject
Project("{FAE04EC0-301F-11D3-BF4B-00C04F79EFBC}") = "PlayStore.Project.ViewModels", "PlayStore.Project.ViewModels\PlayStore.Project.ViewModels.csproj", "{D582DDAB-B0CA-4842-990F-4079328CD91C}"
EndProject
Project("{FAE04EC0-301F-11D3-BF4B-00C04F79EFBC}") = "PlayStore.Admin.Project", "PlayStore.Admin.Project\PlayStore.Admin.Project.csproj", "{FC56BA12-A015-47ED-8565-80EC403FFC4B}"
EndProject
Project("{FAE04EC0-301F-11D3-BF4B-00C04F79EFBC}") = "Project.ICore", "Project.ICore\Project.ICore.csproj", "{28F76E2D-9676-4CD9-9174-97DB1330A9C5}"
EndProject
Global
	GlobalSection(SolutionConfigurationPlatforms) = preSolution
		Debug|Any CPU = Debug|Any CPU
		Release|Any CPU = Release|Any CPU
	EndGlobalSection
	GlobalSection(ProjectConfigurationPlatforms) = postSolution
		{E43E26C1-9270-4AE2-975E-8BC20079737F}.Debug|Any CPU.ActiveCfg = Debug|Any CPU
		{E43E26C1-9270-4AE2-975E-8BC20079737F}.Debug|Any CPU.Build.0 = Debug|Any CPU
		{E43E26C1-9270-4AE2-975E-8BC20079737F}.Release|Any CPU.ActiveCfg = Release|Any CPU
		{E43E26C1-9270-4AE2-975E-8BC20079737F}.Release|Any CPU.Build.0 = Release|Any CPU
		{F27D5E36-03FC-44AD-9D52-13140362A816}.Debug|Any CPU.ActiveCfg = Debug|Any CPU
		{F27D5E36-03FC-44AD-9D52-13140362A816}.Debug|Any CPU.Build.0 = Debug|Any CPU
		{F27D5E36-03FC-44AD-9D52-13140362A816}.Release|Any CPU.ActiveCfg = Release|Any CPU
		{F27D5E36-03FC-44AD-9D52-13140362A816}.Release|Any CPU.Build.0 = Release|Any CPU
		{D582DDAB-B0CA-4842-990F-4079328CD91C}.Debug|Any CPU.ActiveCfg = Debug|Any CPU
		{D582DDAB-B0CA-4842-990F-4079328CD91C}.Debug|Any CPU.Build.0 = Debug|Any CPU
		{D582DDAB-B0CA-4842-990F-4079328CD91C}.Release|Any CPU.ActiveCfg = Release|Any CPU
		{D582DDAB-B0CA-4842-990F-4079328CD91C}.Release|Any CPU.Build.0 = Release|Any CPU
		{FC56BA12-A015-47ED-8565-80EC403FFC4B}.Debug|Any CPU.ActiveCfg = Debug|Any CPU
		{FC56BA12-A015-47ED-8565-80EC403FFC4B}.Debug|Any CPU.Build.0 = Debug|Any CPU
		{FC56BA12-A015-47ED-8565-80EC403FFC4B}.Release|Any CPU.ActiveCfg = Release|Any CPU
		{FC56BA12-A015-47ED-8565-80EC403FFC4B}.Release|Any CPU.Build.0 = Release|Any CPU
		{28F76E2D-9676-4CD9-9174-97DB1330A9C5}.Debug|Any CPU.ActiveCfg = Debug|Any CPU
		{28F76E2D-9676-4CD9-9174-97DB1330A9C5}.Debug|Any CPU.Build.0 = Debug|Any CPU
		{28F76E2D-9676-4CD9-9174-97DB1330A9C5}.Release|Any CPU.ActiveCfg = Release|Any CPU
		{28F76E2D-9676-4CD9-9174-97DB1330A9C5}.Release|Any CPU.Build.0 = Release|Any CPU
	EndGlobalSection
	GlobalSection(SolutionProperties) = preSolution
		HideSolutionNode = FALSE
	EndGlobalSection
EndGlobal
